// !$*UTF8*$!
{
	archiveVersion = 1;
	classes = {
	};
	objectVersion = 50;
	objects = {

/* Begin PBXBuildFile section */
		15087BAC2620510900668781 /* SquareView.swift in Sources */ = {isa = PBXBuildFile; fileRef = 15087BAB2620510900668781 /* SquareView.swift */; };
		15087BAD2620510900668781 /* SquareView.swift in Sources */ = {isa = PBXBuildFile; fileRef = 15087BAB2620510900668781 /* SquareView.swift */; };
		15087BB32620526C00668781 /* BoardView.swift in Sources */ = {isa = PBXBuildFile; fileRef = 15087BB22620526C00668781 /* BoardView.swift */; };
		15087BB42620526C00668781 /* BoardView.swift in Sources */ = {isa = PBXBuildFile; fileRef = 15087BB22620526C00668781 /* BoardView.swift */; };
		1565C9CF2621963F001A1D9A /* BoardState.swift in Sources */ = {isa = PBXBuildFile; fileRef = 1565C9CE2621963F001A1D9A /* BoardState.swift */; };
		1565C9D02621963F001A1D9A /* BoardState.swift in Sources */ = {isa = PBXBuildFile; fileRef = 1565C9CE2621963F001A1D9A /* BoardState.swift */; };
		15A17EB42627586300FBBD15 /* AppCommands.swift in Sources */ = {isa = PBXBuildFile; fileRef = 15A17EB32627586300FBBD15 /* AppCommands.swift */; };
		15A26D47261D9B4100A46B50 /* GlobalDefinitions.swift in Sources */ = {isa = PBXBuildFile; fileRef = 15A26D46261D9B4100A46B50 /* GlobalDefinitions.swift */; };
		15A26D48261D9B4100A46B50 /* GlobalDefinitions.swift in Sources */ = {isa = PBXBuildFile; fileRef = 15A26D46261D9B4100A46B50 /* GlobalDefinitions.swift */; };
		15E563092620A7CF00DD5B05 /* PiecesView.swift in Sources */ = {isa = PBXBuildFile; fileRef = 15E563082620A7CF00DD5B05 /* PiecesView.swift */; };
		15E5630A2620A7CF00DD5B05 /* PiecesView.swift in Sources */ = {isa = PBXBuildFile; fileRef = 15E563082620A7CF00DD5B05 /* PiecesView.swift */; };
		15E563102620C22000DD5B05 /* Game.swift in Sources */ = {isa = PBXBuildFile; fileRef = 15E5630F2620C22000DD5B05 /* Game.swift */; };
		15E563112620C22000DD5B05 /* Game.swift in Sources */ = {isa = PBXBuildFile; fileRef = 15E5630F2620C22000DD5B05 /* Game.swift */; };
		15E7BCED261DC0B600AB495F /* PieceView.swift in Sources */ = {isa = PBXBuildFile; fileRef = 15E7BCEC261DC0B600AB495F /* PieceView.swift */; };
		15E7BCEE261DC0B600AB495F /* PieceView.swift in Sources */ = {isa = PBXBuildFile; fileRef = 15E7BCEC261DC0B600AB495F /* PieceView.swift */; };
		15F35A26261C800E0098B143 /* Diamond_ChessApp.swift in Sources */ = {isa = PBXBuildFile; fileRef = 15F35A13261C800D0098B143 /* Diamond_ChessApp.swift */; };
		15F35A27261C800E0098B143 /* Diamond_ChessApp.swift in Sources */ = {isa = PBXBuildFile; fileRef = 15F35A13261C800D0098B143 /* Diamond_ChessApp.swift */; };
		15F35A28261C800E0098B143 /* ContentView.swift in Sources */ = {isa = PBXBuildFile; fileRef = 15F35A14261C800D0098B143 /* ContentView.swift */; };
		15F35A29261C800E0098B143 /* ContentView.swift in Sources */ = {isa = PBXBuildFile; fileRef = 15F35A14261C800D0098B143 /* ContentView.swift */; };
		15F35A2A261C800E0098B143 /* Assets.xcassets in Resources */ = {isa = PBXBuildFile; fileRef = 15F35A15261C800E0098B143 /* Assets.xcassets */; };
		15F35A2B261C800E0098B143 /* Assets.xcassets in Resources */ = {isa = PBXBuildFile; fileRef = 15F35A15261C800E0098B143 /* Assets.xcassets */; };
		333B780D262656AB0009E230 /* CapturedView.swift in Sources */ = {isa = PBXBuildFile; fileRef = 333B780C262656AB0009E230 /* CapturedView.swift */; };
		333B780E262656AB0009E230 /* CapturedView.swift in Sources */ = {isa = PBXBuildFile; fileRef = 333B780C262656AB0009E230 /* CapturedView.swift */; };
/* End PBXBuildFile section */

/* Begin PBXFileReference section */
		15087BAB2620510900668781 /* SquareView.swift */ = {isa = PBXFileReference; lastKnownFileType = sourcecode.swift; path = SquareView.swift; sourceTree = "<group>"; };
		15087BB22620526C00668781 /* BoardView.swift */ = {isa = PBXFileReference; lastKnownFileType = sourcecode.swift; path = BoardView.swift; sourceTree = "<group>"; };
		1565C9CE2621963F001A1D9A /* BoardState.swift */ = {isa = PBXFileReference; lastKnownFileType = sourcecode.swift; path = BoardState.swift; sourceTree = "<group>"; };
		15A17EB32627586300FBBD15 /* AppCommands.swift */ = {isa = PBXFileReference; lastKnownFileType = sourcecode.swift; path = AppCommands.swift; sourceTree = "<group>"; };
		15A26D46261D9B4100A46B50 /* GlobalDefinitions.swift */ = {isa = PBXFileReference; lastKnownFileType = sourcecode.swift; path = GlobalDefinitions.swift; sourceTree = "<group>"; };
		15E563082620A7CF00DD5B05 /* PiecesView.swift */ = {isa = PBXFileReference; lastKnownFileType = sourcecode.swift; path = PiecesView.swift; sourceTree = "<group>"; };
		15E5630F2620C22000DD5B05 /* Game.swift */ = {isa = PBXFileReference; lastKnownFileType = sourcecode.swift; path = Game.swift; sourceTree = "<group>"; };
		15E7BCEC261DC0B600AB495F /* PieceView.swift */ = {isa = PBXFileReference; lastKnownFileType = sourcecode.swift; path = PieceView.swift; sourceTree = "<group>"; };
		15F35A13261C800D0098B143 /* Diamond_ChessApp.swift */ = {isa = PBXFileReference; lastKnownFileType = sourcecode.swift; path = Diamond_ChessApp.swift; sourceTree = "<group>"; };
		15F35A14261C800D0098B143 /* ContentView.swift */ = {isa = PBXFileReference; lastKnownFileType = sourcecode.swift; path = ContentView.swift; sourceTree = "<group>"; };
		15F35A15261C800E0098B143 /* Assets.xcassets */ = {isa = PBXFileReference; lastKnownFileType = folder.assetcatalog; path = Assets.xcassets; sourceTree = "<group>"; };
		15F35A1A261C800E0098B143 /* Diamond Chess.app */ = {isa = PBXFileReference; explicitFileType = wrapper.application; includeInIndex = 0; path = "Diamond Chess.app"; sourceTree = BUILT_PRODUCTS_DIR; };
		15F35A1D261C800E0098B143 /* Info.plist */ = {isa = PBXFileReference; lastKnownFileType = text.plist.xml; path = Info.plist; sourceTree = "<group>"; };
		15F35A22261C800E0098B143 /* Diamond Chess.app */ = {isa = PBXFileReference; explicitFileType = wrapper.application; includeInIndex = 0; path = "Diamond Chess.app"; sourceTree = BUILT_PRODUCTS_DIR; };
		15F35A24261C800E0098B143 /* Info.plist */ = {isa = PBXFileReference; lastKnownFileType = text.plist.xml; path = Info.plist; sourceTree = "<group>"; };
		15F35A25261C800E0098B143 /* macOS.entitlements */ = {isa = PBXFileReference; lastKnownFileType = text.plist.entitlements; path = macOS.entitlements; sourceTree = "<group>"; };
		333B780C262656AB0009E230 /* CapturedView.swift */ = {isa = PBXFileReference; lastKnownFileType = sourcecode.swift; path = CapturedView.swift; sourceTree = "<group>"; };
/* End PBXFileReference section */

/* Begin PBXFrameworksBuildPhase section */
		15F35A17261C800E0098B143 /* Frameworks */ = {
			isa = PBXFrameworksBuildPhase;
			buildActionMask = 2147483647;
			files = (
			);
			runOnlyForDeploymentPostprocessing = 0;
		};
		15F35A1F261C800E0098B143 /* Frameworks */ = {
			isa = PBXFrameworksBuildPhase;
			buildActionMask = 2147483647;
			files = (
			);
			runOnlyForDeploymentPostprocessing = 0;
		};
/* End PBXFrameworksBuildPhase section */

/* Begin PBXGroup section */
		15F35A0D261C800D0098B143 = {
			isa = PBXGroup;
			children = (
				15F35A12261C800D0098B143 /* Shared */,
				15F35A15261C800E0098B143 /* Assets.xcassets */,
				15F35A1C261C800E0098B143 /* iOS */,
				15F35A23261C800E0098B143 /* macOS */,
				15F35A1B261C800E0098B143 /* Products */,
			);
			sourceTree = "<group>";
		};
		15F35A12261C800D0098B143 /* Shared */ = {
			isa = PBXGroup;
			children = (
				15F35A13261C800D0098B143 /* Diamond_ChessApp.swift */,
				15F35A14261C800D0098B143 /* ContentView.swift */,
				15087BB22620526C00668781 /* BoardView.swift */,
				15087BAB2620510900668781 /* SquareView.swift */,
				15E563082620A7CF00DD5B05 /* PiecesView.swift */,
				15E7BCEC261DC0B600AB495F /* PieceView.swift */,
				333B780C262656AB0009E230 /* CapturedView.swift */,
				1565C9CE2621963F001A1D9A /* BoardState.swift */,
				15E5630F2620C22000DD5B05 /* Game.swift */,
				15A26D46261D9B4100A46B50 /* GlobalDefinitions.swift */,
			);
			path = Shared;
			sourceTree = "<group>";
		};
		15F35A1B261C800E0098B143 /* Products */ = {
			isa = PBXGroup;
			children = (
				15F35A1A261C800E0098B143 /* Diamond Chess.app */,
				15F35A22261C800E0098B143 /* Diamond Chess.app */,
			);
			name = Products;
			sourceTree = "<group>";
		};
		15F35A1C261C800E0098B143 /* iOS */ = {
			isa = PBXGroup;
			children = (
				15F35A1D261C800E0098B143 /* Info.plist */,
			);
			path = iOS;
			sourceTree = "<group>";
		};
		15F35A23261C800E0098B143 /* macOS */ = {
			isa = PBXGroup;
			children = (
				15A17EB32627586300FBBD15 /* AppCommands.swift */,
				15F35A24261C800E0098B143 /* Info.plist */,
				15F35A25261C800E0098B143 /* macOS.entitlements */,
			);
			path = macOS;
			sourceTree = "<group>";
		};
/* End PBXGroup section */

/* Begin PBXNativeTarget section */
		15F35A19261C800E0098B143 /* Diamond Chess (iOS) */ = {
			isa = PBXNativeTarget;
			buildConfigurationList = 15F35A2E261C800E0098B143 /* Build configuration list for PBXNativeTarget "Diamond Chess (iOS)" */;
			buildPhases = (
				15F35A16261C800E0098B143 /* Sources */,
				15F35A17261C800E0098B143 /* Frameworks */,
				15F35A18261C800E0098B143 /* Resources */,
			);
			buildRules = (
			);
			dependencies = (
			);
			name = "Diamond Chess (iOS)";
			productName = "Diamond Chess (iOS)";
			productReference = 15F35A1A261C800E0098B143 /* Diamond Chess.app */;
			productType = "com.apple.product-type.application";
		};
		15F35A21261C800E0098B143 /* Diamond Chess (macOS) */ = {
			isa = PBXNativeTarget;
			buildConfigurationList = 15F35A31261C800E0098B143 /* Build configuration list for PBXNativeTarget "Diamond Chess (macOS)" */;
			buildPhases = (
				15F35A1E261C800E0098B143 /* Sources */,
				15F35A1F261C800E0098B143 /* Frameworks */,
				15F35A20261C800E0098B143 /* Resources */,
			);
			buildRules = (
			);
			dependencies = (
			);
			name = "Diamond Chess (macOS)";
			productName = "Diamond Chess (macOS)";
			productReference = 15F35A22261C800E0098B143 /* Diamond Chess.app */;
			productType = "com.apple.product-type.application";
		};
/* End PBXNativeTarget section */

/* Begin PBXProject section */
		15F35A0E261C800D0098B143 /* Project object */ = {
			isa = PBXProject;
			attributes = {
				LastSwiftUpdateCheck = 1240;
				LastUpgradeCheck = 1250;
				TargetAttributes = {
					15F35A19261C800E0098B143 = {
						CreatedOnToolsVersion = 12.4;
					};
					15F35A21261C800E0098B143 = {
						CreatedOnToolsVersion = 12.4;
					};
				};
			};
			buildConfigurationList = 15F35A11261C800D0098B143 /* Build configuration list for PBXProject "Diamond Chess" */;
			compatibilityVersion = "Xcode 9.3";
			developmentRegion = en;
			hasScannedForEncodings = 0;
			knownRegions = (
				en,
				Base,
			);
			mainGroup = 15F35A0D261C800D0098B143;
			productRefGroup = 15F35A1B261C800E0098B143 /* Products */;
			projectDirPath = "";
			projectRoot = "";
			targets = (
				15F35A19261C800E0098B143 /* Diamond Chess (iOS) */,
				15F35A21261C800E0098B143 /* Diamond Chess (macOS) */,
			);
		};
/* End PBXProject section */

/* Begin PBXResourcesBuildPhase section */
		15F35A18261C800E0098B143 /* Resources */ = {
			isa = PBXResourcesBuildPhase;
			buildActionMask = 2147483647;
			files = (
				15F35A2A261C800E0098B143 /* Assets.xcassets in Resources */,
			);
			runOnlyForDeploymentPostprocessing = 0;
		};
		15F35A20261C800E0098B143 /* Resources */ = {
			isa = PBXResourcesBuildPhase;
			buildActionMask = 2147483647;
			files = (
				15F35A2B261C800E0098B143 /* Assets.xcassets in Resources */,
			);
			runOnlyForDeploymentPostprocessing = 0;
		};
/* End PBXResourcesBuildPhase section */

/* Begin PBXSourcesBuildPhase section */
		15F35A16261C800E0098B143 /* Sources */ = {
			isa = PBXSourcesBuildPhase;
			buildActionMask = 2147483647;
			files = (
				15F35A28261C800E0098B143 /* ContentView.swift in Sources */,
				15087BAC2620510900668781 /* SquareView.swift in Sources */,
				15087BB32620526C00668781 /* BoardView.swift in Sources */,
				15E7BCED261DC0B600AB495F /* PieceView.swift in Sources */,
				333B780D262656AB0009E230 /* CapturedView.swift in Sources */,
				15A26D47261D9B4100A46B50 /* GlobalDefinitions.swift in Sources */,
				15F35A26261C800E0098B143 /* Diamond_ChessApp.swift in Sources */,
				15E563092620A7CF00DD5B05 /* PiecesView.swift in Sources */,
				1565C9CF2621963F001A1D9A /* BoardState.swift in Sources */,
				15E563102620C22000DD5B05 /* Game.swift in Sources */,
			);
			runOnlyForDeploymentPostprocessing = 0;
		};
		15F35A1E261C800E0098B143 /* Sources */ = {
			isa = PBXSourcesBuildPhase;
			buildActionMask = 2147483647;
			files = (
				15F35A29261C800E0098B143 /* ContentView.swift in Sources */,
				15087BAD2620510900668781 /* SquareView.swift in Sources */,
				15087BB42620526C00668781 /* BoardView.swift in Sources */,
				15E7BCEE261DC0B600AB495F /* PieceView.swift in Sources */,
				15A17EB42627586300FBBD15 /* AppCommands.swift in Sources */,
				333B780E262656AB0009E230 /* CapturedView.swift in Sources */,
				15A26D48261D9B4100A46B50 /* GlobalDefinitions.swift in Sources */,
				15F35A27261C800E0098B143 /* Diamond_ChessApp.swift in Sources */,
				15E5630A2620A7CF00DD5B05 /* PiecesView.swift in Sources */,
				1565C9D02621963F001A1D9A /* BoardState.swift in Sources */,
				15E563112620C22000DD5B05 /* Game.swift in Sources */,
			);
			runOnlyForDeploymentPostprocessing = 0;
		};
/* End PBXSourcesBuildPhase section */

/* Begin XCBuildConfiguration section */
		15F35A2C261C800E0098B143 /* Debug */ = {
			isa = XCBuildConfiguration;
			buildSettings = {
				ALWAYS_SEARCH_USER_PATHS = NO;
				CLANG_ANALYZER_NONNULL = YES;
				CLANG_ANALYZER_NUMBER_OBJECT_CONVERSION = YES_AGGRESSIVE;
				CLANG_CXX_LANGUAGE_STANDARD = "gnu++14";
				CLANG_CXX_LIBRARY = "libc++";
				CLANG_ENABLE_MODULES = YES;
				CLANG_ENABLE_OBJC_ARC = YES;
				CLANG_ENABLE_OBJC_WEAK = YES;
				CLANG_WARN_BLOCK_CAPTURE_AUTORELEASING = YES;
				CLANG_WARN_BOOL_CONVERSION = YES;
				CLANG_WARN_COMMA = YES;
				CLANG_WARN_CONSTANT_CONVERSION = YES;
				CLANG_WARN_DEPRECATED_OBJC_IMPLEMENTATIONS = YES;
				CLANG_WARN_DIRECT_OBJC_ISA_USAGE = YES_ERROR;
				CLANG_WARN_DOCUMENTATION_COMMENTS = YES;
				CLANG_WARN_EMPTY_BODY = YES;
				CLANG_WARN_ENUM_CONVERSION = YES;
				CLANG_WARN_INFINITE_RECURSION = YES;
				CLANG_WARN_INT_CONVERSION = YES;
				CLANG_WARN_NON_LITERAL_NULL_CONVERSION = YES;
				CLANG_WARN_OBJC_IMPLICIT_RETAIN_SELF = YES;
				CLANG_WARN_OBJC_LITERAL_CONVERSION = YES;
				CLANG_WARN_OBJC_ROOT_CLASS = YES_ERROR;
				CLANG_WARN_QUOTED_INCLUDE_IN_FRAMEWORK_HEADER = YES;
				CLANG_WARN_RANGE_LOOP_ANALYSIS = YES;
				CLANG_WARN_STRICT_PROTOTYPES = YES;
				CLANG_WARN_SUSPICIOUS_MOVE = YES;
				CLANG_WARN_UNGUARDED_AVAILABILITY = YES_AGGRESSIVE;
				CLANG_WARN_UNREACHABLE_CODE = YES;
				CLANG_WARN__DUPLICATE_METHOD_MATCH = YES;
				COPY_PHASE_STRIP = NO;
				DEBUG_INFORMATION_FORMAT = dwarf;
				ENABLE_STRICT_OBJC_MSGSEND = YES;
				ENABLE_TESTABILITY = YES;
				GCC_C_LANGUAGE_STANDARD = gnu11;
				GCC_DYNAMIC_NO_PIC = NO;
				GCC_NO_COMMON_BLOCKS = YES;
				GCC_OPTIMIZATION_LEVEL = 0;
				GCC_PREPROCESSOR_DEFINITIONS = (
					"DEBUG=1",
					"$(inherited)",
				);
				GCC_WARN_64_TO_32_BIT_CONVERSION = YES;
				GCC_WARN_ABOUT_RETURN_TYPE = YES_ERROR;
				GCC_WARN_UNDECLARED_SELECTOR = YES;
				GCC_WARN_UNINITIALIZED_AUTOS = YES_AGGRESSIVE;
				GCC_WARN_UNUSED_FUNCTION = YES;
				GCC_WARN_UNUSED_VARIABLE = YES;
				MTL_ENABLE_DEBUG_INFO = INCLUDE_SOURCE;
				MTL_FAST_MATH = YES;
				ONLY_ACTIVE_ARCH = YES;
				SWIFT_ACTIVE_COMPILATION_CONDITIONS = DEBUG;
				SWIFT_OPTIMIZATION_LEVEL = "-Onone";
			};
			name = Debug;
		};
		15F35A2D261C800E0098B143 /* Release */ = {
			isa = XCBuildConfiguration;
			buildSettings = {
				ALWAYS_SEARCH_USER_PATHS = NO;
				CLANG_ANALYZER_NONNULL = YES;
				CLANG_ANALYZER_NUMBER_OBJECT_CONVERSION = YES_AGGRESSIVE;
				CLANG_CXX_LANGUAGE_STANDARD = "gnu++14";
				CLANG_CXX_LIBRARY = "libc++";
				CLANG_ENABLE_MODULES = YES;
				CLANG_ENABLE_OBJC_ARC = YES;
				CLANG_ENABLE_OBJC_WEAK = YES;
				CLANG_WARN_BLOCK_CAPTURE_AUTORELEASING = YES;
				CLANG_WARN_BOOL_CONVERSION = YES;
				CLANG_WARN_COMMA = YES;
				CLANG_WARN_CONSTANT_CONVERSION = YES;
				CLANG_WARN_DEPRECATED_OBJC_IMPLEMENTATIONS = YES;
				CLANG_WARN_DIRECT_OBJC_ISA_USAGE = YES_ERROR;
				CLANG_WARN_DOCUMENTATION_COMMENTS = YES;
				CLANG_WARN_EMPTY_BODY = YES;
				CLANG_WARN_ENUM_CONVERSION = YES;
				CLANG_WARN_INFINITE_RECURSION = YES;
				CLANG_WARN_INT_CONVERSION = YES;
				CLANG_WARN_NON_LITERAL_NULL_CONVERSION = YES;
				CLANG_WARN_OBJC_IMPLICIT_RETAIN_SELF = YES;
				CLANG_WARN_OBJC_LITERAL_CONVERSION = YES;
				CLANG_WARN_OBJC_ROOT_CLASS = YES_ERROR;
				CLANG_WARN_QUOTED_INCLUDE_IN_FRAMEWORK_HEADER = YES;
				CLANG_WARN_RANGE_LOOP_ANALYSIS = YES;
				CLANG_WARN_STRICT_PROTOTYPES = YES;
				CLANG_WARN_SUSPICIOUS_MOVE = YES;
				CLANG_WARN_UNGUARDED_AVAILABILITY = YES_AGGRESSIVE;
				CLANG_WARN_UNREACHABLE_CODE = YES;
				CLANG_WARN__DUPLICATE_METHOD_MATCH = YES;
				COPY_PHASE_STRIP = NO;
				DEBUG_INFORMATION_FORMAT = "dwarf-with-dsym";
				ENABLE_NS_ASSERTIONS = NO;
				ENABLE_STRICT_OBJC_MSGSEND = YES;
				GCC_C_LANGUAGE_STANDARD = gnu11;
				GCC_NO_COMMON_BLOCKS = YES;
				GCC_WARN_64_TO_32_BIT_CONVERSION = YES;
				GCC_WARN_ABOUT_RETURN_TYPE = YES_ERROR;
				GCC_WARN_UNDECLARED_SELECTOR = YES;
				GCC_WARN_UNINITIALIZED_AUTOS = YES_AGGRESSIVE;
				GCC_WARN_UNUSED_FUNCTION = YES;
				GCC_WARN_UNUSED_VARIABLE = YES;
				MTL_ENABLE_DEBUG_INFO = NO;
				MTL_FAST_MATH = YES;
				SWIFT_COMPILATION_MODE = wholemodule;
				SWIFT_OPTIMIZATION_LEVEL = "-O";
			};
			name = Release;
		};
		15F35A2F261C800E0098B143 /* Debug */ = {
			isa = XCBuildConfiguration;
			buildSettings = {
				ASSETCATALOG_COMPILER_APPICON_NAME = AppIcon;
				ASSETCATALOG_COMPILER_GLOBAL_ACCENT_COLOR_NAME = AccentColor;
				CODE_SIGN_STYLE = Automatic;
				DEVELOPMENT_TEAM = 9P8C6ZACEU;
				ENABLE_PREVIEWS = YES;
				INFOPLIST_FILE = iOS/Info.plist;
				IPHONEOS_DEPLOYMENT_TARGET = 14.0;
				LD_RUNPATH_SEARCH_PATHS = (
					"$(inherited)",
					"@executable_path/Frameworks",
				);
				PRODUCT_BUNDLE_IDENTIFIER = "com.jonathanhuston.Diamond-Chess";
				PRODUCT_NAME = "Diamond Chess";
				SDKROOT = iphoneos;
				SWIFT_VERSION = 5.0;
				TARGETED_DEVICE_FAMILY = "1,2";
			};
			name = Debug;
		};
		15F35A30261C800E0098B143 /* Release */ = {
			isa = XCBuildConfiguration;
			buildSettings = {
				ASSETCATALOG_COMPILER_APPICON_NAME = AppIcon;
				ASSETCATALOG_COMPILER_GLOBAL_ACCENT_COLOR_NAME = AccentColor;
				CODE_SIGN_STYLE = Automatic;
				DEVELOPMENT_TEAM = 9P8C6ZACEU;
				ENABLE_PREVIEWS = YES;
				INFOPLIST_FILE = iOS/Info.plist;
				IPHONEOS_DEPLOYMENT_TARGET = 14.0;
				LD_RUNPATH_SEARCH_PATHS = (
					"$(inherited)",
					"@executable_path/Frameworks",
				);
				PRODUCT_BUNDLE_IDENTIFIER = "com.jonathanhuston.Diamond-Chess";
				PRODUCT_NAME = "Diamond Chess";
				SDKROOT = iphoneos;
				SWIFT_VERSION = 5.0;
				TARGETED_DEVICE_FAMILY = "1,2";
				VALIDATE_PRODUCT = YES;
			};
			name = Release;
		};
		15F35A32261C800E0098B143 /* Debug */ = {
			isa = XCBuildConfiguration;
			buildSettings = {
				ASSETCATALOG_COMPILER_APPICON_NAME = AppIcon;
				ASSETCATALOG_COMPILER_GLOBAL_ACCENT_COLOR_NAME = AccentColor;
				CODE_SIGN_ENTITLEMENTS = macOS/macOS.entitlements;
				CODE_SIGN_IDENTITY = "-";
				CODE_SIGN_STYLE = Automatic;
				COMBINE_HIDPI_IMAGES = YES;
				DEVELOPMENT_TEAM = 9P8C6ZACEU;
				ENABLE_HARDENED_RUNTIME = YES;
				ENABLE_PREVIEWS = YES;
				INFOPLIST_FILE = macOS/Info.plist;
				LD_RUNPATH_SEARCH_PATHS = (
					"$(inherited)",
					"@executable_path/../Frameworks",
				);
				MACOSX_DEPLOYMENT_TARGET = 11.0;
				PRODUCT_BUNDLE_IDENTIFIER = "com.jonathanhuston.Diamond-Chess";
				PRODUCT_NAME = "Diamond Chess";
				SDKROOT = macosx;
				SWIFT_VERSION = 5.0;
			};
			name = Debug;
		};
		15F35A33261C800E0098B143 /* Release */ = {
			isa = XCBuildConfiguration;
			buildSettings = {
				ASSETCATALOG_COMPILER_APPICON_NAME = AppIcon;
				ASSETCATALOG_COMPILER_GLOBAL_ACCENT_COLOR_NAME = AccentColor;
				CODE_SIGN_ENTITLEMENTS = macOS/macOS.entitlements;
				CODE_SIGN_IDENTITY = "-";
				CODE_SIGN_STYLE = Automatic;
				COMBINE_HIDPI_IMAGES = YES;
				DEVELOPMENT_TEAM = 9P8C6ZACEU;
				ENABLE_HARDENED_RUNTIME = YES;
				ENABLE_PREVIEWS = YES;
				INFOPLIST_FILE = macOS/Info.plist;
				LD_RUNPATH_SEARCH_PATHS = (
					"$(inherited)",
					"@executable_path/../Frameworks",
				);
				MACOSX_DEPLOYMENT_TARGET = 11.0;
				PRODUCT_BUNDLE_IDENTIFIER = "com.jonathanhuston.Diamond-Chess";
				PRODUCT_NAME = "Diamond Chess";
				SDKROOT = macosx;
				SWIFT_VERSION = 5.0;
			};
			name = Release;
		};
/* End XCBuildConfiguration section */

/* Begin XCConfigurationList section */
		15F35A11261C800D0098B143 /* Build configuration list for PBXProject "Diamond Chess" */ = {
			isa = XCConfigurationList;
			buildConfigurations = (
				15F35A2C261C800E0098B143 /* Debug */,
				15F35A2D261C800E0098B143 /* Release */,
			);
			defaultConfigurationIsVisible = 0;
			defaultConfigurationName = Release;
		};
		15F35A2E261C800E0098B143 /* Build configuration list for PBXNativeTarget "Diamond Chess (iOS)" */ = {
			isa = XCConfigurationList;
			buildConfigurations = (
				15F35A2F261C800E0098B143 /* Debug */,
				15F35A30261C800E0098B143 /* Release */,
			);
			defaultConfigurationIsVisible = 0;
			defaultConfigurationName = Release;
		};
		15F35A31261C800E0098B143 /* Build configuration list for PBXNativeTarget "Diamond Chess (macOS)" */ = {
			isa = XCConfigurationList;
			buildConfigurations = (
				15F35A32261C800E0098B143 /* Debug */,
				15F35A33261C800E0098B143 /* Release */,
			);
			defaultConfigurationIsVisible = 0;
			defaultConfigurationName = Release;
		};
/* End XCConfigurationList section */
	};
	rootObject = 15F35A0E261C800D0098B143 /* Project object */;
}
